
Microsoft Visual Studio Solution File, Format Version 12.00
# Visual Studio 15
VisualStudioVersion = 15.0.26730.12
MinimumVisualStudioVersion = 10.0.40219.1
Project("{FAE04EC0-301F-11D3-BF4B-00C04F79EFBC}") = "pushnotification.Android", "pushnotification\pushnotification.Android\pushnotification.Android.csproj", "{2CDDD3E0-72AA-43EA-998C-E029E875220B}"
EndProject
Project("{FAE04EC0-301F-11D3-BF4B-00C04F79EFBC}") = "pushnotification", "pushnotification\pushnotification\pushnotification.csproj", "{3A1BC6B9-F5BA-4B79-9143-4DEEC448F03D}"
EndProject
Project("{FAE04EC0-301F-11D3-BF4B-00C04F79EFBC}") = "pushnotification.UWP", "pushnotification\pushnotification.UWP\pushnotification.UWP.csproj", "{56536448-E5F8-460D-A93E-2DBB44F2D015}"
EndProject
Project("{FAE04EC0-301F-11D3-BF4B-00C04F79EFBC}") = "pushnotification.iOS", "pushnotification\pushnotification.iOS\pushnotification.iOS.csproj", "{F36F2CD1-F4EF-4DD6-AB2F-FB973BFEEC4B}"
EndProject
Global
	GlobalSection(SolutionConfigurationPlatforms) = preSolution
		Ad-Hoc|Any CPU = Ad-Hoc|Any CPU
		Ad-Hoc|ARM = Ad-Hoc|ARM
		Ad-Hoc|iPhone = Ad-Hoc|iPhone
		Ad-Hoc|iPhoneSimulator = Ad-Hoc|iPhoneSimulator
		Ad-Hoc|x64 = Ad-Hoc|x64
		Ad-Hoc|x86 = Ad-Hoc|x86
		AppStore|Any CPU = AppStore|Any CPU
		AppStore|ARM = AppStore|ARM
		AppStore|iPhone = AppStore|iPhone
		AppStore|iPhoneSimulator = AppStore|iPhoneSimulator
		AppStore|x64 = AppStore|x64
		AppStore|x86 = AppStore|x86
		Debug|Any CPU = Debug|Any CPU
		Debug|ARM = Debug|ARM
		Debug|iPhone = Debug|iPhone
		Debug|iPhoneSimulator = Debug|iPhoneSimulator
		Debug|x64 = Debug|x64
		Debug|x86 = Debug|x86
		Release|Any CPU = Release|Any CPU
		Release|ARM = Release|ARM
		Release|iPhone = Release|iPhone
		Release|iPhoneSimulator = Release|iPhoneSimulator
		Release|x64 = Release|x64
		Release|x86 = Release|x86
	EndGlobalSection
	GlobalSection(ProjectConfigurationPlatforms) = postSolution
		{2CDDD3E0-72AA-43EA-998C-E029E875220B}.Ad-Hoc|Any CPU.ActiveCfg = Release|Any CPU
		{2CDDD3E0-72AA-43EA-998C-E029E875220B}.Ad-Hoc|Any CPU.Build.0 = Release|Any CPU
		{2CDDD3E0-72AA-43EA-998C-E029E875220B}.Ad-Hoc|Any CPU.Deploy.0 = Release|Any CPU
		{2CDDD3E0-72AA-43EA-998C-E029E875220B}.Ad-Hoc|ARM.ActiveCfg = Release|Any CPU
		{2CDDD3E0-72AA-43EA-998C-E029E875220B}.Ad-Hoc|ARM.Build.0 = Release|Any CPU
		{2CDDD3E0-72AA-43EA-998C-E029E875220B}.Ad-Hoc|ARM.Deploy.0 = Release|Any CPU
		{2CDDD3E0-72AA-43EA-998C-E029E875220B}.Ad-Hoc|iPhone.ActiveCfg = Release|Any CPU
		{2CDDD3E0-72AA-43EA-998C-E029E875220B}.Ad-Hoc|iPhone.Build.0 = Release|Any CPU
		{2CDDD3E0-72AA-43EA-998C-E029E875220B}.Ad-Hoc|iPhone.Deploy.0 = Release|Any CPU
		{2CDDD3E0-72AA-43EA-998C-E029E875220B}.Ad-Hoc|iPhoneSimulator.ActiveCfg = Release|Any CPU
		{2CDDD3E0-72AA-43EA-998C-E029E875220B}.Ad-Hoc|iPhoneSimulator.Build.0 = Release|Any CPU
		{2CDDD3E0-72AA-43EA-998C-E029E875220B}.Ad-Hoc|iPhoneSimulator.Deploy.0 = Release|Any CPU
		{2CDDD3E0-72AA-43EA-998C-E029E875220B}.Ad-Hoc|x64.ActiveCfg = Release|Any CPU
		{2CDDD3E0-72AA-43EA-998C-E029E875220B}.Ad-Hoc|x64.Build.0 = Release|Any CPU
		{2CDDD3E0-72AA-43EA-998C-E029E875220B}.Ad-Hoc|x64.Deploy.0 = Release|Any CPU
		{2CDDD3E0-72AA-43EA-998C-E029E875220B}.Ad-Hoc|x86.ActiveCfg = Release|Any CPU
		{2CDDD3E0-72AA-43EA-998C-E029E875220B}.Ad-Hoc|x86.Build.0 = Release|Any CPU
		{2CDDD3E0-72AA-43EA-998C-E029E875220B}.Ad-Hoc|x86.Deploy.0 = Release|Any CPU
		{2CDDD3E0-72AA-43EA-998C-E029E875220B}.AppStore|Any CPU.ActiveCfg = Release|Any CPU
		{2CDDD3E0-72AA-43EA-998C-E029E875220B}.AppStore|Any CPU.Build.0 = Release|Any CPU
		{2CDDD3E0-72AA-43EA-998C-E029E875220B}.AppStore|Any CPU.Deploy.0 = Release|Any CPU
		{2CDDD3E0-72AA-43EA-998C-E029E875220B}.AppStore|ARM.ActiveCfg = Release|Any CPU
		{2CDDD3E0-72AA-43EA-998C-E029E875220B}.AppStore|ARM.Build.0 = Release|Any CPU
		{2CDDD3E0-72AA-43EA-998C-E029E875220B}.AppStore|ARM.Deploy.0 = Release|Any CPU
		{2CDDD3E0-72AA-43EA-998C-E029E875220B}.AppStore|iPhone.ActiveCfg = Release|Any CPU
		{2CDDD3E0-72AA-43EA-998C-E029E875220B}.AppStore|iPhone.Build.0 = Release|Any CPU
		{2CDDD3E0-72AA-43EA-998C-E029E875220B}.AppStore|iPhone.Deploy.0 = Release|Any CPU
		{2CDDD3E0-72AA-43EA-998C-E029E875220B}.AppStore|iPhoneSimulator.ActiveCfg = Release|Any CPU
		{2CDDD3E0-72AA-43EA-998C-E029E875220B}.AppStore|iPhoneSimulator.Build.0 = Release|Any CPU
		{2CDDD3E0-72AA-43EA-998C-E029E875220B}.AppStore|iPhoneSimulator.Deploy.0 = Release|Any CPU
		{2CDDD3E0-72AA-43EA-998C-E029E875220B}.AppStore|x64.ActiveCfg = Release|Any CPU
		{2CDDD3E0-72AA-43EA-998C-E029E875220B}.AppStore|x64.Build.0 = Release|Any CPU
		{2CDDD3E0-72AA-43EA-998C-E029E875220B}.AppStore|x64.Deploy.0 = Release|Any CPU
		{2CDDD3E0-72AA-43EA-998C-E029E875220B}.AppStore|x86.ActiveCfg = Release|Any CPU
		{2CDDD3E0-72AA-43EA-998C-E029E875220B}.AppStore|x86.Build.0 = Release|Any CPU
		{2CDDD3E0-72AA-43EA-998C-E029E875220B}.AppStore|x86.Deploy.0 = Release|Any CPU
		{2CDDD3E0-72AA-43EA-998C-E029E875220B}.Debug|Any CPU.ActiveCfg = Debug|Any CPU
		{2CDDD3E0-72AA-43EA-998C-E029E875220B}.Debug|Any CPU.Build.0 = Debug|Any CPU
		{2CDDD3E0-72AA-43EA-998C-E029E875220B}.Debug|Any CPU.Deploy.0 = Debug|Any CPU
		{2CDDD3E0-72AA-43EA-998C-E029E875220B}.Debug|ARM.ActiveCfg = Debug|Any CPU
		{2CDDD3E0-72AA-43EA-998C-E029E875220B}.Debug|ARM.Build.0 = Debug|Any CPU
		{2CDDD3E0-72AA-43EA-998C-E029E875220B}.Debug|ARM.Deploy.0 = Debug|Any CPU
		{2CDDD3E0-72AA-43EA-998C-E029E875220B}.Debug|iPhone.ActiveCfg = Debug|Any CPU
		{2CDDD3E0-72AA-43EA-998C-E029E875220B}.Debug|iPhone.Build.0 = Debug|Any CPU
		{2CDDD3E0-72AA-43EA-998C-E029E875220B}.Debug|iPhone.Deploy.0 = Debug|Any CPU
		{2CDDD3E0-72AA-43EA-998C-E029E875220B}.Debug|iPhoneSimulator.ActiveCfg = Debug|Any CPU
		{2CDDD3E0-72AA-43EA-998C-E029E875220B}.Debug|iPhoneSimulator.Build.0 = Debug|Any CPU
		{2CDDD3E0-72AA-43EA-998C-E029E875220B}.Debug|iPhoneSimulator.Deploy.0 = Debug|Any CPU
		{2CDDD3E0-72AA-43EA-998C-E029E875220B}.Debug|x64.ActiveCfg = Debug|Any CPU
		{2CDDD3E0-72AA-43EA-998C-E029E875220B}.Debug|x64.Build.0 = Debug|Any CPU
		{2CDDD3E0-72AA-43EA-998C-E029E875220B}.Debug|x64.Deploy.0 = Debug|Any CPU
		{2CDDD3E0-72AA-43EA-998C-E029E875220B}.Debug|x86.ActiveCfg = Debug|Any CPU
		{2CDDD3E0-72AA-43EA-998C-E029E875220B}.Debug|x86.Build.0 = Debug|Any CPU
		{2CDDD3E0-72AA-43EA-998C-E029E875220B}.Debug|x86.Deploy.0 = Debug|Any CPU
		{2CDDD3E0-72AA-43EA-998C-E029E875220B}.Release|Any CPU.ActiveCfg = Release|Any CPU
		{2CDDD3E0-72AA-43EA-998C-E029E875220B}.Release|Any CPU.Build.0 = Release|Any CPU
		{2CDDD3E0-72AA-43EA-998C-E029E875220B}.Release|Any CPU.Deploy.0 = Release|Any CPU
		{2CDDD3E0-72AA-43EA-998C-E029E875220B}.Release|ARM.ActiveCfg = Release|Any CPU
		{2CDDD3E0-72AA-43EA-998C-E029E875220B}.Release|ARM.Build.0 = Release|Any CPU
		{2CDDD3E0-72AA-43EA-998C-E029E875220B}.Release|ARM.Deploy.0 = Release|Any CPU
		{2CDDD3E0-72AA-43EA-998C-E029E875220B}.Release|iPhone.ActiveCfg = Release|Any CPU
		{2CDDD3E0-72AA-43EA-998C-E029E875220B}.Release|iPhone.Build.0 = Release|Any CPU
		{2CDDD3E0-72AA-43EA-998C-E029E875220B}.Release|iPhone.Deploy.0 = Release|Any CPU
		{2CDDD3E0-72AA-43EA-998C-E029E875220B}.Release|iPhoneSimulator.ActiveCfg = Release|Any CPU
		{2CDDD3E0-72AA-43EA-998C-E029E875220B}.Release|iPhoneSimulator.Build.0 = Release|Any CPU
		{2CDDD3E0-72AA-43EA-998C-E029E875220B}.Release|iPhoneSimulator.Deploy.0 = Release|Any CPU
		{2CDDD3E0-72AA-43EA-998C-E029E875220B}.Release|x64.ActiveCfg = Release|Any CPU
		{2CDDD3E0-72AA-43EA-998C-E029E875220B}.Release|x64.Build.0 = Release|Any CPU
		{2CDDD3E0-72AA-43EA-998C-E029E875220B}.Release|x64.Deploy.0 = Release|Any CPU
		{2CDDD3E0-72AA-43EA-998C-E029E875220B}.Release|x86.ActiveCfg = Release|Any CPU
		{2CDDD3E0-72AA-43EA-998C-E029E875220B}.Release|x86.Build.0 = Release|Any CPU
		{2CDDD3E0-72AA-43EA-998C-E029E875220B}.Release|x86.Deploy.0 = Release|Any CPU
		{3A1BC6B9-F5BA-4B79-9143-4DEEC448F03D}.Ad-Hoc|Any CPU.ActiveCfg = Release|Any CPU
		{3A1BC6B9-F5BA-4B79-9143-4DEEC448F03D}.Ad-Hoc|Any CPU.Build.0 = Release|Any CPU
		{3A1BC6B9-F5BA-4B79-9143-4DEEC448F03D}.Ad-Hoc|ARM.ActiveCfg = Release|Any CPU
		{3A1BC6B9-F5BA-4B79-9143-4DEEC448F03D}.Ad-Hoc|ARM.Build.0 = Release|Any CPU
		{3A1BC6B9-F5BA-4B79-9143-4DEEC448F03D}.Ad-Hoc|iPhone.ActiveCfg = Release|Any CPU
		{3A1BC6B9-F5BA-4B79-9143-4DEEC448F03D}.Ad-Hoc|iPhone.Build.0 = Release|Any CPU
		{3A1BC6B9-F5BA-4B79-9143-4DEEC448F03D}.Ad-Hoc|iPhoneSimulator.ActiveCfg = Release|Any CPU
		{3A1BC6B9-F5BA-4B79-9143-4DEEC448F03D}.Ad-Hoc|iPhoneSimulator.Build.0 = Release|Any CPU
		{3A1BC6B9-F5BA-4B79-9143-4DEEC448F03D}.Ad-Hoc|x64.ActiveCfg = Release|Any CPU
		{3A1BC6B9-F5BA-4B79-9143-4DEEC448F03D}.Ad-Hoc|x64.Build.0 = Release|Any CPU
		{3A1BC6B9-F5BA-4B79-9143-4DEEC448F03D}.Ad-Hoc|x86.ActiveCfg = Release|Any CPU
		{3A1BC6B9-F5BA-4B79-9143-4DEEC448F03D}.Ad-Hoc|x86.Build.0 = Release|Any CPU
		{3A1BC6B9-F5BA-4B79-9143-4DEEC448F03D}.AppStore|Any CPU.ActiveCfg = Release|Any CPU
		{3A1BC6B9-F5BA-4B79-9143-4DEEC448F03D}.AppStore|Any CPU.Build.0 = Release|Any CPU
		{3A1BC6B9-F5BA-4B79-9143-4DEEC448F03D}.AppStore|ARM.ActiveCfg = Release|Any CPU
		{3A1BC6B9-F5BA-4B79-9143-4DEEC448F03D}.AppStore|ARM.Build.0 = Release|Any CPU
		{3A1BC6B9-F5BA-4B79-9143-4DEEC448F03D}.AppStore|iPhone.ActiveCfg = Release|Any CPU
		{3A1BC6B9-F5BA-4B79-9143-4DEEC448F03D}.AppStore|iPhone.Build.0 = Release|Any CPU
		{3A1BC6B9-F5BA-4B79-9143-4DEEC448F03D}.AppStore|iPhoneSimulator.ActiveCfg = Release|Any CPU
		{3A1BC6B9-F5BA-4B79-9143-4DEEC448F03D}.AppStore|iPhoneSimulator.Build.0 = Release|Any CPU
		{3A1BC6B9-F5BA-4B79-9143-4DEEC448F03D}.AppStore|x64.ActiveCfg = Release|Any CPU
		{3A1BC6B9-F5BA-4B79-9143-4DEEC448F03D}.AppStore|x64.Build.0 = Release|Any CPU
		{3A1BC6B9-F5BA-4B79-9143-4DEEC448F03D}.AppStore|x86.ActiveCfg = Release|Any CPU
		{3A1BC6B9-F5BA-4B79-9143-4DEEC448F03D}.AppStore|x86.Build.0 = Release|Any CPU
		{3A1BC6B9-F5BA-4B79-9143-4DEEC448F03D}.Debug|Any CPU.ActiveCfg = Debug|Any CPU
		{3A1BC6B9-F5BA-4B79-9143-4DEEC448F03D}.Debug|Any CPU.Build.0 = Debug|Any CPU
		{3A1BC6B9-F5BA-4B79-9143-4DEEC448F03D}.Debug|ARM.ActiveCfg = Debug|Any CPU
		{3A1BC6B9-F5BA-4B79-9143-4DEEC448F03D}.Debug|ARM.Build.0 = Debug|Any CPU
		{3A1BC6B9-F5BA-4B79-9143-4DEEC448F03D}.Debug|iPhone.ActiveCfg = Debug|Any CPU
		{3A1BC6B9-F5BA-4B79-9143-4DEEC448F03D}.Debug|iPhone.Build.0 = Debug|Any CPU
		{3A1BC6B9-F5BA-4B79-9143-4DEEC448F03D}.Debug|iPhoneSimulator.ActiveCfg = Debug|Any CPU
		{3A1BC6B9-F5BA-4B79-9143-4DEEC448F03D}.Debug|iPhoneSimulator.Build.0 = Debug|Any CPU
		{3A1BC6B9-F5BA-4B79-9143-4DEEC448F03D}.Debug|x64.ActiveCfg = Debug|Any CPU
		{3A1BC6B9-F5BA-4B79-9143-4DEEC448F03D}.Debug|x64.Build.0 = Debug|Any CPU
		{3A1BC6B9-F5BA-4B79-9143-4DEEC448F03D}.Debug|x86.ActiveCfg = Debug|Any CPU
		{3A1BC6B9-F5BA-4B79-9143-4DEEC448F03D}.Debug|x86.Build.0 = Debug|Any CPU
		{3A1BC6B9-F5BA-4B79-9143-4DEEC448F03D}.Release|Any CPU.ActiveCfg = Release|Any CPU
		{3A1BC6B9-F5BA-4B79-9143-4DEEC448F03D}.Release|Any CPU.Build.0 = Release|Any CPU
		{3A1BC6B9-F5BA-4B79-9143-4DEEC448F03D}.Release|ARM.ActiveCfg = Release|Any CPU
		{3A1BC6B9-F5BA-4B79-9143-4DEEC448F03D}.Release|ARM.Build.0 = Release|Any CPU
		{3A1BC6B9-F5BA-4B79-9143-4DEEC448F03D}.Release|iPhone.ActiveCfg = Release|Any CPU
		{3A1BC6B9-F5BA-4B79-9143-4DEEC448F03D}.Release|iPhone.Build.0 = Release|Any CPU
		{3A1BC6B9-F5BA-4B79-9143-4DEEC448F03D}.Release|iPhoneSimulator.ActiveCfg = Release|Any CPU
		{3A1BC6B9-F5BA-4B79-9143-4DEEC448F03D}.Release|iPhoneSimulator.Build.0 = Release|Any CPU
		{3A1BC6B9-F5BA-4B79-9143-4DEEC448F03D}.Release|x64.ActiveCfg = Release|Any CPU
		{3A1BC6B9-F5BA-4B79-9143-4DEEC448F03D}.Release|x64.Build.0 = Release|Any CPU
		{3A1BC6B9-F5BA-4B79-9143-4DEEC448F03D}.Release|x86.ActiveCfg = Release|Any CPU
		{3A1BC6B9-F5BA-4B79-9143-4DEEC448F03D}.Release|x86.Build.0 = Release|Any CPU
		{56536448-E5F8-460D-A93E-2DBB44F2D015}.Ad-Hoc|Any CPU.ActiveCfg = Release|x86
		{56536448-E5F8-460D-A93E-2DBB44F2D015}.Ad-Hoc|Any CPU.Build.0 = Release|x86
		{56536448-E5F8-460D-A93E-2DBB44F2D015}.Ad-Hoc|Any CPU.Deploy.0 = Release|x86
		{56536448-E5F8-460D-A93E-2DBB44F2D015}.Ad-Hoc|ARM.ActiveCfg = Release|ARM
		{56536448-E5F8-460D-A93E-2DBB44F2D015}.Ad-Hoc|ARM.Build.0 = Release|ARM
		{56536448-E5F8-460D-A93E-2DBB44F2D015}.Ad-Hoc|ARM.Deploy.0 = Release|ARM
		{56536448-E5F8-460D-A93E-2DBB44F2D015}.Ad-Hoc|iPhone.ActiveCfg = Release|x86
		{56536448-E5F8-460D-A93E-2DBB44F2D015}.Ad-Hoc|iPhone.Build.0 = Release|x86
		{56536448-E5F8-460D-A93E-2DBB44F2D015}.Ad-Hoc|iPhone.Deploy.0 = Release|x86
		{56536448-E5F8-460D-A93E-2DBB44F2D015}.Ad-Hoc|iPhoneSimulator.ActiveCfg = Release|x86
		{56536448-E5F8-460D-A93E-2DBB44F2D015}.Ad-Hoc|iPhoneSimulator.Build.0 = Release|x86
		{56536448-E5F8-460D-A93E-2DBB44F2D015}.Ad-Hoc|iPhoneSimulator.Deploy.0 = Release|x86
		{56536448-E5F8-460D-A93E-2DBB44F2D015}.Ad-Hoc|x64.ActiveCfg = Release|x64
		{56536448-E5F8-460D-A93E-2DBB44F2D015}.Ad-Hoc|x64.Build.0 = Release|x64
		{56536448-E5F8-460D-A93E-2DBB44F2D015}.Ad-Hoc|x64.Deploy.0 = Release|x64
		{56536448-E5F8-460D-A93E-2DBB44F2D015}.Ad-Hoc|x86.ActiveCfg = Release|x86
		{56536448-E5F8-460D-A93E-2DBB44F2D015}.Ad-Hoc|x86.Build.0 = Release|x86
		{56536448-E5F8-460D-A93E-2DBB44F2D015}.Ad-Hoc|x86.Deploy.0 = Release|x86
		{56536448-E5F8-460D-A93E-2DBB44F2D015}.AppStore|Any CPU.ActiveCfg = Release|x86
		{56536448-E5F8-460D-A93E-2DBB44F2D015}.AppStore|Any CPU.Build.0 = Release|x86
		{56536448-E5F8-460D-A93E-2DBB44F2D015}.AppStore|Any CPU.Deploy.0 = Release|x86
		{56536448-E5F8-460D-A93E-2DBB44F2D015}.AppStore|ARM.ActiveCfg = Release|ARM
		{56536448-E5F8-460D-A93E-2DBB44F2D015}.AppStore|ARM.Build.0 = Release|ARM
		{56536448-E5F8-460D-A93E-2DBB44F2D015}.AppStore|ARM.Deploy.0 = Release|ARM
		{56536448-E5F8-460D-A93E-2DBB44F2D015}.AppStore|iPhone.ActiveCfg = Release|x86
		{56536448-E5F8-460D-A93E-2DBB44F2D015}.AppStore|iPhone.Build.0 = Release|x86
		{56536448-E5F8-460D-A93E-2DBB44F2D015}.AppStore|iPhone.Deploy.0 = Release|x86
		{56536448-E5F8-460D-A93E-2DBB44F2D015}.AppStore|iPhoneSimulator.ActiveCfg = Release|x86
		{56536448-E5F8-460D-A93E-2DBB44F2D015}.AppStore|iPhoneSimulator.Build.0 = Release|x86
		{56536448-E5F8-460D-A93E-2DBB44F2D015}.AppStore|iPhoneSimulator.Deploy.0 = Release|x86
		{56536448-E5F8-460D-A93E-2DBB44F2D015}.AppStore|x64.ActiveCfg = Release|x64
		{56536448-E5F8-460D-A93E-2DBB44F2D015}.AppStore|x64.Build.0 = Release|x64
		{56536448-E5F8-460D-A93E-2DBB44F2D015}.AppStore|x64.Deploy.0 = Release|x64
		{56536448-E5F8-460D-A93E-2DBB44F2D015}.AppStore|x86.ActiveCfg = Release|x86
		{56536448-E5F8-460D-A93E-2DBB44F2D015}.AppStore|x86.Build.0 = Release|x86
		{56536448-E5F8-460D-A93E-2DBB44F2D015}.AppStore|x86.Deploy.0 = Release|x86
		{56536448-E5F8-460D-A93E-2DBB44F2D015}.Debug|Any CPU.ActiveCfg = Debug|x86
		{56536448-E5F8-460D-A93E-2DBB44F2D015}.Debug|ARM.ActiveCfg = Debug|ARM
		{56536448-E5F8-460D-A93E-2DBB44F2D015}.Debug|ARM.Build.0 = Debug|ARM
		{56536448-E5F8-460D-A93E-2DBB44F2D015}.Debug|ARM.Deploy.0 = Debug|ARM
		{56536448-E5F8-460D-A93E-2DBB44F2D015}.Debug|iPhone.ActiveCfg = Debug|x86
		{56536448-E5F8-460D-A93E-2DBB44F2D015}.Debug|iPhoneSimulator.ActiveCfg = Debug|x86
		{56536448-E5F8-460D-A93E-2DBB44F2D015}.Debug|x64.ActiveCfg = Debug|x64
		{56536448-E5F8-460D-A93E-2DBB44F2D015}.Debug|x64.Build.0 = Debug|x64
		{56536448-E5F8-460D-A93E-2DBB44F2D015}.Debug|x64.Deploy.0 = Debug|x64
		{56536448-E5F8-460D-A93E-2DBB44F2D015}.Debug|x86.ActiveCfg = Debug|x86
		{56536448-E5F8-460D-A93E-2DBB44F2D015}.Debug|x86.Build.0 = Debug|x86
		{56536448-E5F8-460D-A93E-2DBB44F2D015}.Debug|x86.Deploy.0 = Debug|x86
		{56536448-E5F8-460D-A93E-2DBB44F2D015}.Release|Any CPU.ActiveCfg = Release|x86
		{56536448-E5F8-460D-A93E-2DBB44F2D015}.Release|ARM.ActiveCfg = Release|ARM
		{56536448-E5F8-460D-A93E-2DBB44F2D015}.Release|ARM.Build.0 = Release|ARM
		{56536448-E5F8-460D-A93E-2DBB44F2D015}.Release|ARM.Deploy.0 = Release|ARM
		{56536448-E5F8-460D-A93E-2DBB44F2D015}.Release|iPhone.ActiveCfg = Release|x86
		{56536448-E5F8-460D-A93E-2DBB44F2D015}.Release|iPhoneSimulator.ActiveCfg = Release|x86
		{56536448-E5F8-460D-A93E-2DBB44F2D015}.Release|x64.ActiveCfg = Release|x64
		{56536448-E5F8-460D-A93E-2DBB44F2D015}.Release|x64.Build.0 = Release|x64
		{56536448-E5F8-460D-A93E-2DBB44F2D015}.Release|x64.Deploy.0 = Release|x64
		{56536448-E5F8-460D-A93E-2DBB44F2D015}.Release|x86.ActiveCfg = Release|x86
		{56536448-E5F8-460D-A93E-2DBB44F2D015}.Release|x86.Build.0 = Release|x86
		{56536448-E5F8-460D-A93E-2DBB44F2D015}.Release|x86.Deploy.0 = Release|x86
		{F36F2CD1-F4EF-4DD6-AB2F-FB973BFEEC4B}.Ad-Hoc|Any CPU.ActiveCfg = Ad-Hoc|iPhone
		{F36F2CD1-F4EF-4DD6-AB2F-FB973BFEEC4B}.Ad-Hoc|ARM.ActiveCfg = Ad-Hoc|iPhone
		{F36F2CD1-F4EF-4DD6-AB2F-FB973BFEEC4B}.Ad-Hoc|iPhone.ActiveCfg = Ad-Hoc|iPhone
		{F36F2CD1-F4EF-4DD6-AB2F-FB973BFEEC4B}.Ad-Hoc|iPhone.Build.0 = Ad-Hoc|iPhone
		{F36F2CD1-F4EF-4DD6-AB2F-FB973BFEEC4B}.Ad-Hoc|iPhoneSimulator.ActiveCfg = Ad-Hoc|iPhoneSimulator
		{F36F2CD1-F4EF-4DD6-AB2F-FB973BFEEC4B}.Ad-Hoc|iPhoneSimulator.Build.0 = Ad-Hoc|iPhoneSimulator
		{F36F2CD1-F4EF-4DD6-AB2F-FB973BFEEC4B}.Ad-Hoc|x64.ActiveCfg = Ad-Hoc|iPhone
		{F36F2CD1-F4EF-4DD6-AB2F-FB973BFEEC4B}.Ad-Hoc|x86.ActiveCfg = Ad-Hoc|iPhone
		{F36F2CD1-F4EF-4DD6-AB2F-FB973BFEEC4B}.AppStore|Any CPU.ActiveCfg = AppStore|iPhone
		{F36F2CD1-F4EF-4DD6-AB2F-FB973BFEEC4B}.AppStore|ARM.ActiveCfg = AppStore|iPhone
		{F36F2CD1-F4EF-4DD6-AB2F-FB973BFEEC4B}.AppStore|iPhone.ActiveCfg = AppStore|iPhone
		{F36F2CD1-F4EF-4DD6-AB2F-FB973BFEEC4B}.AppStore|iPhone.Build.0 = AppStore|iPhone
		{F36F2CD1-F4EF-4DD6-AB2F-FB973BFEEC4B}.AppStore|iPhoneSimulator.ActiveCfg = AppStore|iPhoneSimulator
		{F36F2CD1-F4EF-4DD6-AB2F-FB973BFEEC4B}.AppStore|iPhoneSimulator.Build.0 = AppStore|iPhoneSimulator
		{F36F2CD1-F4EF-4DD6-AB2F-FB973BFEEC4B}.AppStore|x64.ActiveCfg = AppStore|iPhone
		{F36F2CD1-F4EF-4DD6-AB2F-FB973BFEEC4B}.AppStore|x86.ActiveCfg = AppStore|iPhone
		{F36F2CD1-F4EF-4DD6-AB2F-FB973BFEEC4B}.Debug|Any CPU.ActiveCfg = Debug|iPhone
		{F36F2CD1-F4EF-4DD6-AB2F-FB973BFEEC4B}.Debug|ARM.ActiveCfg = Debug|iPhone
		{F36F2CD1-F4EF-4DD6-AB2F-FB973BFEEC4B}.Debug|iPhone.ActiveCfg = Debug|iPhone
		{F36F2CD1-F4EF-4DD6-AB2F-FB973BFEEC4B}.Debug|iPhone.Build.0 = Debug|iPhone
		{F36F2CD1-F4EF-4DD6-AB2F-FB973BFEEC4B}.Debug|iPhoneSimulator.ActiveCfg = Debug|iPhoneSimulator
		{F36F2CD1-F4EF-4DD6-AB2F-FB973BFEEC4B}.Debug|iPhoneSimulator.Build.0 = Debug|iPhoneSimulator
		{F36F2CD1-F4EF-4DD6-AB2F-FB973BFEEC4B}.Debug|x64.ActiveCfg = Debug|iPhone
		{F36F2CD1-F4EF-4DD6-AB2F-FB973BFEEC4B}.Debug|x86.ActiveCfg = Debug|iPhone
		{F36F2CD1-F4EF-4DD6-AB2F-FB973BFEEC4B}.Release|Any CPU.ActiveCfg = Release|iPhone
		{F36F2CD1-F4EF-4DD6-AB2F-FB973BFEEC4B}.Release|ARM.ActiveCfg = Release|iPhone
		{F36F2CD1-F4EF-4DD6-AB2F-FB973BFEEC4B}.Release|iPhone.ActiveCfg = Release|iPhone
		{F36F2CD1-F4EF-4DD6-AB2F-FB973BFEEC4B}.Release|iPhone.Build.0 = Release|iPhone
		{F36F2CD1-F4EF-4DD6-AB2F-FB973BFEEC4B}.Release|iPhoneSimulator.ActiveCfg = Release|iPhoneSimulator
		{F36F2CD1-F4EF-4DD6-AB2F-FB973BFEEC4B}.Release|iPhoneSimulator.Build.0 = Release|iPhoneSimulator
		{F36F2CD1-F4EF-4DD6-AB2F-FB973BFEEC4B}.Release|x64.ActiveCfg = Release|iPhone
		{F36F2CD1-F4EF-4DD6-AB2F-FB973BFEEC4B}.Release|x86.ActiveCfg = Release|iPhone
	EndGlobalSection
	GlobalSection(SolutionProperties) = preSolution
		HideSolutionNode = FALSE
	EndGlobalSection
	GlobalSection(ExtensibilityGlobals) = postSolution
		SolutionGuid = {1CF55552-DD0E-4666-9F9F-9844A4D3DB6A}
	EndGlobalSection
EndGlobal
